// !$*UTF8*$!
{
	archiveVersion = 1;
	classes = {
	};
	objectVersion = 77;
	objects = {

/* Begin PBXBuildFile section */
		E10BAF842CFD768E00EDB4C6 /* WidgetKit.framework in Frameworks */ = {isa = PBXBuildFile; fileRef = E10BAF832CFD768E00EDB4C6 /* WidgetKit.framework */; };
		E10BAF862CFD768E00EDB4C6 /* SwiftUI.framework in Frameworks */ = {isa = PBXBuildFile; fileRef = E10BAF852CFD768E00EDB4C6 /* SwiftUI.framework */; };
		E10BAF912CFD768F00EDB4C6 /* Timer_WidgetExtension.appex in Embed Foundation Extensions */ = {isa = PBXBuildFile; fileRef = E10BAF812CFD768E00EDB4C6 /* Timer_WidgetExtension.appex */; settings = {ATTRIBUTES = (RemoveHeadersOnCopy, ); }; };
/* End PBXBuildFile section */

/* Begin PBXContainerItemProxy section */
		E10BAF5D2CFD720C00EDB4C6 /* PBXContainerItemProxy */ = {
			isa = PBXContainerItemProxy;
			containerPortal = E10BAF442CFD720A00EDB4C6 /* Project object */;
			proxyType = 1;
			remoteGlobalIDString = E10BAF4B2CFD720A00EDB4C6;
			remoteInfo = gui_noti;
		};
		E10BAF672CFD720C00EDB4C6 /* PBXContainerItemProxy */ = {
			isa = PBXContainerItemProxy;
			containerPortal = E10BAF442CFD720A00EDB4C6 /* Project object */;
			proxyType = 1;
			remoteGlobalIDString = E10BAF4B2CFD720A00EDB4C6;
			remoteInfo = gui_noti;
		};
		E10BAF8F2CFD768F00EDB4C6 /* PBXContainerItemProxy */ = {
			isa = PBXContainerItemProxy;
			containerPortal = E10BAF442CFD720A00EDB4C6 /* Project object */;
			proxyType = 1;
			remoteGlobalIDString = E10BAF802CFD768E00EDB4C6;
			remoteInfo = Timer_WidgetExtension;
		};
/* End PBXContainerItemProxy section */

/* Begin PBXCopyFilesBuildPhase section */
		E10BAF962CFD768F00EDB4C6 /* Embed Foundation Extensions */ = {
			isa = PBXCopyFilesBuildPhase;
			buildActionMask = 2147483647;
			dstPath = "";
			dstSubfolderSpec = 13;
			files = (
				E10BAF912CFD768F00EDB4C6 /* Timer_WidgetExtension.appex in Embed Foundation Extensions */,
			);
			name = "Embed Foundation Extensions";
			runOnlyForDeploymentPostprocessing = 0;
		};
/* End PBXCopyFilesBuildPhase section */

/* Begin PBXFileReference section */
		E10BAF4C2CFD720A00EDB4C6 /* gui_noti.app */ = {isa = PBXFileReference; explicitFileType = wrapper.application; includeInIndex = 0; path = gui_noti.app; sourceTree = BUILT_PRODUCTS_DIR; };
		E10BAF5C2CFD720C00EDB4C6 /* gui_notiTests.xctest */ = {isa = PBXFileReference; explicitFileType = wrapper.cfbundle; includeInIndex = 0; path = gui_notiTests.xctest; sourceTree = BUILT_PRODUCTS_DIR; };
		E10BAF662CFD720C00EDB4C6 /* gui_notiUITests.xctest */ = {isa = PBXFileReference; explicitFileType = wrapper.cfbundle; includeInIndex = 0; path = gui_notiUITests.xctest; sourceTree = BUILT_PRODUCTS_DIR; };
		E10BAF812CFD768E00EDB4C6 /* Timer_WidgetExtension.appex */ = {isa = PBXFileReference; explicitFileType = "wrapper.app-extension"; includeInIndex = 0; path = Timer_WidgetExtension.appex; sourceTree = BUILT_PRODUCTS_DIR; };
		E10BAF832CFD768E00EDB4C6 /* WidgetKit.framework */ = {isa = PBXFileReference; lastKnownFileType = wrapper.framework; name = WidgetKit.framework; path = System/Library/Frameworks/WidgetKit.framework; sourceTree = SDKROOT; };
		E10BAF852CFD768E00EDB4C6 /* SwiftUI.framework */ = {isa = PBXFileReference; lastKnownFileType = wrapper.framework; name = SwiftUI.framework; path = System/Library/Frameworks/SwiftUI.framework; sourceTree = SDKROOT; };
/* End PBXFileReference section */

/* Begin PBXFileSystemSynchronizedBuildFileExceptionSet section */
		E10BAF982CFD7ECC00EDB4C6 /* Exceptions for "gui_noti" folder in "Timer_WidgetExtension" target */ = {
			isa = PBXFileSystemSynchronizedBuildFileExceptionSet;
			membershipExceptions = (
				TimeTrackingAttributes.swift,
			);
			target = E10BAF802CFD768E00EDB4C6 /* Timer_WidgetExtension */;
		};
		E10BAF9A2CFD80BA00EDB4C6 /* Exceptions for "Timer_Widget" folder in "Timer_WidgetExtension" target */ = {
			isa = PBXFileSystemSynchronizedBuildFileExceptionSet;
			membershipExceptions = (
				Info.plist,
			);
			target = E10BAF802CFD768E00EDB4C6 /* Timer_WidgetExtension */;
		};
/* End PBXFileSystemSynchronizedBuildFileExceptionSet section */

/* Begin PBXFileSystemSynchronizedRootGroup section */
		E10BAF4E2CFD720A00EDB4C6 /* gui_noti */ = {
			isa = PBXFileSystemSynchronizedRootGroup;
			exceptions = (
				E10BAF982CFD7ECC00EDB4C6 /* Exceptions for "gui_noti" folder in "Timer_WidgetExtension" target */,
			);
			path = gui_noti;
			sourceTree = "<group>";
		};
		E10BAF5F2CFD720C00EDB4C6 /* gui_notiTests */ = {
			isa = PBXFileSystemSynchronizedRootGroup;
			path = gui_notiTests;
			sourceTree = "<group>";
		};
		E10BAF692CFD720C00EDB4C6 /* gui_notiUITests */ = {
			isa = PBXFileSystemSynchronizedRootGroup;
			path = gui_notiUITests;
			sourceTree = "<group>";
		};
		E10BAF872CFD768E00EDB4C6 /* Timer_Widget */ = {
			isa = PBXFileSystemSynchronizedRootGroup;
			exceptions = (
				E10BAF9A2CFD80BA00EDB4C6 /* Exceptions for "Timer_Widget" folder in "Timer_WidgetExtension" target */,
			);
			path = Timer_Widget;
			sourceTree = "<group>";
		};
/* End PBXFileSystemSynchronizedRootGroup section */

/* Begin PBXFrameworksBuildPhase section */
		E10BAF492CFD720A00EDB4C6 /* Frameworks */ = {
			isa = PBXFrameworksBuildPhase;
			buildActionMask = 2147483647;
			files = (
			);
			runOnlyForDeploymentPostprocessing = 0;
		};
		E10BAF592CFD720C00EDB4C6 /* Frameworks */ = {
			isa = PBXFrameworksBuildPhase;
			buildActionMask = 2147483647;
			files = (
			);
			runOnlyForDeploymentPostprocessing = 0;
		};
		E10BAF632CFD720C00EDB4C6 /* Frameworks */ = {
			isa = PBXFrameworksBuildPhase;
			buildActionMask = 2147483647;
			files = (
			);
			runOnlyForDeploymentPostprocessing = 0;
		};
		E10BAF7E2CFD768E00EDB4C6 /* Frameworks */ = {
			isa = PBXFrameworksBuildPhase;
			buildActionMask = 2147483647;
			files = (
				E10BAF862CFD768E00EDB4C6 /* SwiftUI.framework in Frameworks */,
				E10BAF842CFD768E00EDB4C6 /* WidgetKit.framework in Frameworks */,
			);
			runOnlyForDeploymentPostprocessing = 0;
		};
/* End PBXFrameworksBuildPhase section */

/* Begin PBXGroup section */
		E10BAF432CFD720A00EDB4C6 = {
			isa = PBXGroup;
			children = (
				E10BAF4E2CFD720A00EDB4C6 /* gui_noti */,
				E10BAF5F2CFD720C00EDB4C6 /* gui_notiTests */,
				E10BAF692CFD720C00EDB4C6 /* gui_notiUITests */,
				E10BAF872CFD768E00EDB4C6 /* Timer_Widget */,
				E10BAF822CFD768E00EDB4C6 /* Frameworks */,
				E10BAF4D2CFD720A00EDB4C6 /* Products */,
			);
			sourceTree = "<group>";
		};
		E10BAF4D2CFD720A00EDB4C6 /* Products */ = {
			isa = PBXGroup;
			children = (
				E10BAF4C2CFD720A00EDB4C6 /* gui_noti.app */,
				E10BAF5C2CFD720C00EDB4C6 /* gui_notiTests.xctest */,
				E10BAF662CFD720C00EDB4C6 /* gui_notiUITests.xctest */,
				E10BAF812CFD768E00EDB4C6 /* Timer_WidgetExtension.appex */,
			);
			name = Products;
			sourceTree = "<group>";
		};
		E10BAF822CFD768E00EDB4C6 /* Frameworks */ = {
			isa = PBXGroup;
			children = (
				E10BAF832CFD768E00EDB4C6 /* WidgetKit.framework */,
				E10BAF852CFD768E00EDB4C6 /* SwiftUI.framework */,
			);
			name = Frameworks;
			sourceTree = "<group>";
		};
/* End PBXGroup section */

/* Begin PBXNativeTarget section */
		E10BAF4B2CFD720A00EDB4C6 /* gui_noti */ = {
			isa = PBXNativeTarget;
			buildConfigurationList = E10BAF702CFD720C00EDB4C6 /* Build configuration list for PBXNativeTarget "gui_noti" */;
			buildPhases = (
				E10BAF482CFD720A00EDB4C6 /* Sources */,
				E10BAF492CFD720A00EDB4C6 /* Frameworks */,
				E10BAF4A2CFD720A00EDB4C6 /* Resources */,
				E10BAF962CFD768F00EDB4C6 /* Embed Foundation Extensions */,
			);
			buildRules = (
			);
			dependencies = (
				E10BAF902CFD768F00EDB4C6 /* PBXTargetDependency */,
			);
			fileSystemSynchronizedGroups = (
				E10BAF4E2CFD720A00EDB4C6 /* gui_noti */,
			);
			name = gui_noti;
			packageProductDependencies = (
			);
			productName = gui_noti;
			productReference = E10BAF4C2CFD720A00EDB4C6 /* gui_noti.app */;
			productType = "com.apple.product-type.application";
		};
		E10BAF5B2CFD720C00EDB4C6 /* gui_notiTests */ = {
			isa = PBXNativeTarget;
			buildConfigurationList = E10BAF732CFD720C00EDB4C6 /* Build configuration list for PBXNativeTarget "gui_notiTests" */;
			buildPhases = (
				E10BAF582CFD720C00EDB4C6 /* Sources */,
				E10BAF592CFD720C00EDB4C6 /* Frameworks */,
				E10BAF5A2CFD720C00EDB4C6 /* Resources */,
			);
			buildRules = (
			);
			dependencies = (
				E10BAF5E2CFD720C00EDB4C6 /* PBXTargetDependency */,
			);
			fileSystemSynchronizedGroups = (
				E10BAF5F2CFD720C00EDB4C6 /* gui_notiTests */,
			);
			name = gui_notiTests;
			packageProductDependencies = (
			);
			productName = gui_notiTests;
			productReference = E10BAF5C2CFD720C00EDB4C6 /* gui_notiTests.xctest */;
			productType = "com.apple.product-type.bundle.unit-test";
		};
		E10BAF652CFD720C00EDB4C6 /* gui_notiUITests */ = {
			isa = PBXNativeTarget;
			buildConfigurationList = E10BAF762CFD720C00EDB4C6 /* Build configuration list for PBXNativeTarget "gui_notiUITests" */;
			buildPhases = (
				E10BAF622CFD720C00EDB4C6 /* Sources */,
				E10BAF632CFD720C00EDB4C6 /* Frameworks */,
				E10BAF642CFD720C00EDB4C6 /* Resources */,
			);
			buildRules = (
			);
			dependencies = (
				E10BAF682CFD720C00EDB4C6 /* PBXTargetDependency */,
			);
			fileSystemSynchronizedGroups = (
				E10BAF692CFD720C00EDB4C6 /* gui_notiUITests */,
			);
			name = gui_notiUITests;
			packageProductDependencies = (
			);
			productName = gui_notiUITests;
			productReference = E10BAF662CFD720C00EDB4C6 /* gui_notiUITests.xctest */;
			productType = "com.apple.product-type.bundle.ui-testing";
		};
		E10BAF802CFD768E00EDB4C6 /* Timer_WidgetExtension */ = {
			isa = PBXNativeTarget;
			buildConfigurationList = E10BAF932CFD768F00EDB4C6 /* Build configuration list for PBXNativeTarget "Timer_WidgetExtension" */;
			buildPhases = (
				E10BAF7D2CFD768E00EDB4C6 /* Sources */,
				E10BAF7E2CFD768E00EDB4C6 /* Frameworks */,
				E10BAF7F2CFD768E00EDB4C6 /* Resources */,
			);
			buildRules = (
			);
			dependencies = (
			);
			fileSystemSynchronizedGroups = (
				E10BAF872CFD768E00EDB4C6 /* Timer_Widget */,
			);
			name = Timer_WidgetExtension;
			packageProductDependencies = (
			);
			productName = Timer_WidgetExtension;
			productReference = E10BAF812CFD768E00EDB4C6 /* Timer_WidgetExtension.appex */;
			productType = "com.apple.product-type.app-extension";
		};
/* End PBXNativeTarget section */

/* Begin PBXProject section */
		E10BAF442CFD720A00EDB4C6 /* Project object */ = {
			isa = PBXProject;
			attributes = {
				BuildIndependentTargetsInParallel = 1;
				LastSwiftUpdateCheck = 1610;
				LastUpgradeCheck = 1610;
				TargetAttributes = {
					E10BAF4B2CFD720A00EDB4C6 = {
						CreatedOnToolsVersion = 16.1;
					};
					E10BAF5B2CFD720C00EDB4C6 = {
						CreatedOnToolsVersion = 16.1;
						TestTargetID = E10BAF4B2CFD720A00EDB4C6;
					};
					E10BAF652CFD720C00EDB4C6 = {
						CreatedOnToolsVersion = 16.1;
						TestTargetID = E10BAF4B2CFD720A00EDB4C6;
					};
					E10BAF802CFD768E00EDB4C6 = {
						CreatedOnToolsVersion = 16.1;
					};
				};
			};
			buildConfigurationList = E10BAF472CFD720A00EDB4C6 /* Build configuration list for PBXProject "gui_noti" */;
			developmentRegion = en;
			hasScannedForEncodings = 0;
			knownRegions = (
				en,
				Base,
			);
			mainGroup = E10BAF432CFD720A00EDB4C6;
			minimizedProjectReferenceProxies = 1;
			preferredProjectObjectVersion = 77;
			productRefGroup = E10BAF4D2CFD720A00EDB4C6 /* Products */;
			projectDirPath = "";
			projectRoot = "";
			targets = (
				E10BAF4B2CFD720A00EDB4C6 /* gui_noti */,
				E10BAF5B2CFD720C00EDB4C6 /* gui_notiTests */,
				E10BAF652CFD720C00EDB4C6 /* gui_notiUITests */,
				E10BAF802CFD768E00EDB4C6 /* Timer_WidgetExtension */,
			);
		};
/* End PBXProject section */

/* Begin PBXResourcesBuildPhase section */
		E10BAF4A2CFD720A00EDB4C6 /* Resources */ = {
			isa = PBXResourcesBuildPhase;
			buildActionMask = 2147483647;
			files = (
			);
			runOnlyForDeploymentPostprocessing = 0;
		};
		E10BAF5A2CFD720C00EDB4C6 /* Resources */ = {
			isa = PBXResourcesBuildPhase;
			buildActionMask = 2147483647;
			files = (
			);
			runOnlyForDeploymentPostprocessing = 0;
		};
		E10BAF642CFD720C00EDB4C6 /* Resources */ = {
			isa = PBXResourcesBuildPhase;
			buildActionMask = 2147483647;
			files = (
			);
			runOnlyForDeploymentPostprocessing = 0;
		};
		E10BAF7F2CFD768E00EDB4C6 /* Resources */ = {
			isa = PBXResourcesBuildPhase;
			buildActionMask = 2147483647;
			files = (
			);
			runOnlyForDeploymentPostprocessing = 0;
		};
/* End PBXResourcesBuildPhase section */

/* Begin PBXSourcesBuildPhase section */
		E10BAF482CFD720A00EDB4C6 /* Sources */ = {
			isa = PBXSourcesBuildPhase;
			buildActionMask = 2147483647;
			files = (
			);
			runOnlyForDeploymentPostprocessing = 0;
		};
		E10BAF582CFD720C00EDB4C6 /* Sources */ = {
			isa = PBXSourcesBuildPhase;
			buildActionMask = 2147483647;
			files = (
			);
			runOnlyForDeploymentPostprocessing = 0;
		};
		E10BAF622CFD720C00EDB4C6 /* Sources */ = {
			isa = PBXSourcesBuildPhase;
			buildActionMask = 2147483647;
			files = (
			);
			runOnlyForDeploymentPostprocessing = 0;
		};
		E10BAF7D2CFD768E00EDB4C6 /* Sources */ = {
			isa = PBXSourcesBuildPhase;
			buildActionMask = 2147483647;
			files = (
			);
			runOnlyForDeploymentPostprocessing = 0;
		};
/* End PBXSourcesBuildPhase section */

/* Begin PBXTargetDependency section */
		E10BAF5E2CFD720C00EDB4C6 /* PBXTargetDependency */ = {
			isa = PBXTargetDependency;
			target = E10BAF4B2CFD720A00EDB4C6 /* gui_noti */;
			targetProxy = E10BAF5D2CFD720C00EDB4C6 /* PBXContainerItemProxy */;
		};
		E10BAF682CFD720C00EDB4C6 /* PBXTargetDependency */ = {
			isa = PBXTargetDependency;
			target = E10BAF4B2CFD720A00EDB4C6 /* gui_noti */;
			targetProxy = E10BAF672CFD720C00EDB4C6 /* PBXContainerItemProxy */;
		};
		E10BAF902CFD768F00EDB4C6 /* PBXTargetDependency */ = {
			isa = PBXTargetDependency;
			target = E10BAF802CFD768E00EDB4C6 /* Timer_WidgetExtension */;
			targetProxy = E10BAF8F2CFD768F00EDB4C6 /* PBXContainerItemProxy */;
		};
/* End PBXTargetDependency section */

/* Begin XCBuildConfiguration section */
		E10BAF6E2CFD720C00EDB4C6 /* Debug */ = {
			isa = XCBuildConfiguration;
			buildSettings = {
				ALWAYS_SEARCH_USER_PATHS = NO;
				ASSETCATALOG_COMPILER_GENERATE_SWIFT_ASSET_SYMBOL_EXTENSIONS = YES;
				CLANG_ANALYZER_NONNULL = YES;
				CLANG_ANALYZER_NUMBER_OBJECT_CONVERSION = YES_AGGRESSIVE;
				CLANG_CXX_LANGUAGE_STANDARD = "gnu++20";
				CLANG_ENABLE_MODULES = YES;
				CLANG_ENABLE_OBJC_ARC = YES;
				CLANG_ENABLE_OBJC_WEAK = YES;
				CLANG_WARN_BLOCK_CAPTURE_AUTORELEASING = YES;
				CLANG_WARN_BOOL_CONVERSION = YES;
				CLANG_WARN_COMMA = YES;
				CLANG_WARN_CONSTANT_CONVERSION = YES;
				CLANG_WARN_DEPRECATED_OBJC_IMPLEMENTATIONS = YES;
				CLANG_WARN_DIRECT_OBJC_ISA_USAGE = YES_ERROR;
				CLANG_WARN_DOCUMENTATION_COMMENTS = YES;
				CLANG_WARN_EMPTY_BODY = YES;
				CLANG_WARN_ENUM_CONVERSION = YES;
				CLANG_WARN_INFINITE_RECURSION = YES;
				CLANG_WARN_INT_CONVERSION = YES;
				CLANG_WARN_NON_LITERAL_NULL_CONVERSION = YES;
				CLANG_WARN_OBJC_IMPLICIT_RETAIN_SELF = YES;
				CLANG_WARN_OBJC_LITERAL_CONVERSION = YES;
				CLANG_WARN_OBJC_ROOT_CLASS = YES_ERROR;
				CLANG_WARN_QUOTED_INCLUDE_IN_FRAMEWORK_HEADER = YES;
				CLANG_WARN_RANGE_LOOP_ANALYSIS = YES;
				CLANG_WARN_STRICT_PROTOTYPES = YES;
				CLANG_WARN_SUSPICIOUS_MOVE = YES;
				CLANG_WARN_UNGUARDED_AVAILABILITY = YES_AGGRESSIVE;
				CLANG_WARN_UNREACHABLE_CODE = YES;
				CLANG_WARN__DUPLICATE_METHOD_MATCH = YES;
				COPY_PHASE_STRIP = NO;
				DEBUG_INFORMATION_FORMAT = dwarf;
				ENABLE_STRICT_OBJC_MSGSEND = YES;
				ENABLE_TESTABILITY = YES;
				ENABLE_USER_SCRIPT_SANDBOXING = YES;
				GCC_C_LANGUAGE_STANDARD = gnu17;
				GCC_DYNAMIC_NO_PIC = NO;
				GCC_NO_COMMON_BLOCKS = YES;
				GCC_OPTIMIZATION_LEVEL = 0;
				GCC_PREPROCESSOR_DEFINITIONS = (
					"DEBUG=1",
					"$(inherited)",
				);
				GCC_WARN_64_TO_32_BIT_CONVERSION = YES;
				GCC_WARN_ABOUT_RETURN_TYPE = YES_ERROR;
				GCC_WARN_UNDECLARED_SELECTOR = YES;
				GCC_WARN_UNINITIALIZED_AUTOS = YES_AGGRESSIVE;
				GCC_WARN_UNUSED_FUNCTION = YES;
				GCC_WARN_UNUSED_VARIABLE = YES;
				IPHONEOS_DEPLOYMENT_TARGET = 18.1;
				LOCALIZATION_PREFERS_STRING_CATALOGS = YES;
				MTL_ENABLE_DEBUG_INFO = INCLUDE_SOURCE;
				MTL_FAST_MATH = YES;
				ONLY_ACTIVE_ARCH = YES;
				SDKROOT = iphoneos;
				SWIFT_ACTIVE_COMPILATION_CONDITIONS = "DEBUG $(inherited)";
				SWIFT_OPTIMIZATION_LEVEL = "-Onone";
			};
			name = Debug;
		};
		E10BAF6F2CFD720C00EDB4C6 /* Release */ = {
			isa = XCBuildConfiguration;
			buildSettings = {
				ALWAYS_SEARCH_USER_PATHS = NO;
				ASSETCATALOG_COMPILER_GENERATE_SWIFT_ASSET_SYMBOL_EXTENSIONS = YES;
				CLANG_ANALYZER_NONNULL = YES;
				CLANG_ANALYZER_NUMBER_OBJECT_CONVERSION = YES_AGGRESSIVE;
				CLANG_CXX_LANGUAGE_STANDARD = "gnu++20";
				CLANG_ENABLE_MODULES = YES;
				CLANG_ENABLE_OBJC_ARC = YES;
				CLANG_ENABLE_OBJC_WEAK = YES;
				CLANG_WARN_BLOCK_CAPTURE_AUTORELEASING = YES;
				CLANG_WARN_BOOL_CONVERSION = YES;
				CLANG_WARN_COMMA = YES;
				CLANG_WARN_CONSTANT_CONVERSION = YES;
				CLANG_WARN_DEPRECATED_OBJC_IMPLEMENTATIONS = YES;
				CLANG_WARN_DIRECT_OBJC_ISA_USAGE = YES_ERROR;
				CLANG_WARN_DOCUMENTATION_COMMENTS = YES;
				CLANG_WARN_EMPTY_BODY = YES;
				CLANG_WARN_ENUM_CONVERSION = YES;
				CLANG_WARN_INFINITE_RECURSION = YES;
				CLANG_WARN_INT_CONVERSION = YES;
				CLANG_WARN_NON_LITERAL_NULL_CONVERSION = YES;
				CLANG_WARN_OBJC_IMPLICIT_RETAIN_SELF = YES;
				CLANG_WARN_OBJC_LITERAL_CONVERSION = YES;
				CLANG_WARN_OBJC_ROOT_CLASS = YES_ERROR;
				CLANG_WARN_QUOTED_INCLUDE_IN_FRAMEWORK_HEADER = YES;
				CLANG_WARN_RANGE_LOOP_ANALYSIS = YES;
				CLANG_WARN_STRICT_PROTOTYPES = YES;
				CLANG_WARN_SUSPICIOUS_MOVE = YES;
				CLANG_WARN_UNGUARDED_AVAILABILITY = YES_AGGRESSIVE;
				CLANG_WARN_UNREACHABLE_CODE = YES;
				CLANG_WARN__DUPLICATE_METHOD_MATCH = YES;
				COPY_PHASE_STRIP = NO;
				DEBUG_INFORMATION_FORMAT = "dwarf-with-dsym";
				ENABLE_NS_ASSERTIONS = NO;
				ENABLE_STRICT_OBJC_MSGSEND = YES;
				ENABLE_USER_SCRIPT_SANDBOXING = YES;
				GCC_C_LANGUAGE_STANDARD = gnu17;
				GCC_NO_COMMON_BLOCKS = YES;
				GCC_WARN_64_TO_32_BIT_CONVERSION = YES;
				GCC_WARN_ABOUT_RETURN_TYPE = YES_ERROR;
				GCC_WARN_UNDECLARED_SELECTOR = YES;
				GCC_WARN_UNINITIALIZED_AUTOS = YES_AGGRESSIVE;
				GCC_WARN_UNUSED_FUNCTION = YES;
				GCC_WARN_UNUSED_VARIABLE = YES;
				IPHONEOS_DEPLOYMENT_TARGET = 18.1;
				LOCALIZATION_PREFERS_STRING_CATALOGS = YES;
				MTL_ENABLE_DEBUG_INFO = NO;
				MTL_FAST_MATH = YES;
				SDKROOT = iphoneos;
				SWIFT_COMPILATION_MODE = wholemodule;
				VALIDATE_PRODUCT = YES;
			};
			name = Release;
		};
		E10BAF712CFD720C00EDB4C6 /* Debug */ = {
			isa = XCBuildConfiguration;
			buildSettings = {
				ASSETCATALOG_COMPILER_APPICON_NAME = AppIcon;
				ASSETCATALOG_COMPILER_GLOBAL_ACCENT_COLOR_NAME = AccentColor;
				CODE_SIGN_STYLE = Automatic;
				CURRENT_PROJECT_VERSION = 1;
				DEVELOPMENT_ASSET_PATHS = "\"gui_noti/Preview Content\"";
				DEVELOPMENT_TEAM = UHPRF4X8WS;
				ENABLE_PREVIEWS = YES;
				GENERATE_INFOPLIST_FILE = YES;
				INFOPLIST_KEY_NSSupportsLiveActivities = YES;
				INFOPLIST_KEY_UIApplicationSceneManifest_Generation = YES;
				INFOPLIST_KEY_UIApplicationSupportsIndirectInputEvents = YES;
				INFOPLIST_KEY_UILaunchScreen_Generation = YES;
				INFOPLIST_KEY_UISupportedInterfaceOrientations_iPad = "UIInterfaceOrientationPortrait UIInterfaceOrientationPortraitUpsideDown UIInterfaceOrientationLandscapeLeft UIInterfaceOrientationLandscapeRight";
				INFOPLIST_KEY_UISupportedInterfaceOrientations_iPhone = "UIInterfaceOrientationPortrait UIInterfaceOrientationLandscapeLeft UIInterfaceOrientationLandscapeRight";
				LD_RUNPATH_SEARCH_PATHS = (
					"$(inherited)",
					"@executable_path/Frameworks",
				);
				MARKETING_VERSION = 1.0;
				PRODUCT_BUNDLE_IDENTIFIER = "Gui.gui-noti";
				PRODUCT_NAME = "$(TARGET_NAME)";
				SWIFT_EMIT_LOC_STRINGS = YES;
				SWIFT_VERSION = 5.0;
				TARGETED_DEVICE_FAMILY = "1,2";
			};
			name = Debug;
		};
		E10BAF722CFD720C00EDB4C6 /* Release */ = {
			isa = XCBuildConfiguration;
			buildSettings = {
				ASSETCATALOG_COMPILER_APPICON_NAME = AppIcon;
				ASSETCATALOG_COMPILER_GLOBAL_ACCENT_COLOR_NAME = AccentColor;
				CODE_SIGN_STYLE = Automatic;
				CURRENT_PROJECT_VERSION = 1;
				DEVELOPMENT_ASSET_PATHS = "\"gui_noti/Preview Content\"";
				DEVELOPMENT_TEAM = UHPRF4X8WS;
				ENABLE_PREVIEWS = YES;
				GENERATE_INFOPLIST_FILE = YES;
				INFOPLIST_KEY_NSSupportsLiveActivities = YES;
				INFOPLIST_KEY_UIApplicationSceneManifest_Generation = YES;
				INFOPLIST_KEY_UIApplicationSupportsIndirectInputEvents = YES;
				INFOPLIST_KEY_UILaunchScreen_Generation = YES;
				INFOPLIST_KEY_UISupportedInterfaceOrientations_iPad = "UIInterfaceOrientationPortrait UIInterfaceOrientationPortraitUpsideDown UIInterfaceOrientationLandscapeLeft UIInterfaceOrientationLandscapeRight";
				INFOPLIST_KEY_UISupportedInterfaceOrientations_iPhone = "UIInterfaceOrientationPortrait UIInterfaceOrientationLandscapeLeft UIInterfaceOrientationLandscapeRight";
				LD_RUNPATH_SEARCH_PATHS = (
					"$(inherited)",
					"@executable_path/Frameworks",
				);
				MARKETING_VERSION = 1.0;
				PRODUCT_BUNDLE_IDENTIFIER = "Gui.gui-noti";
				PRODUCT_NAME = "$(TARGET_NAME)";
				SWIFT_EMIT_LOC_STRINGS = YES;
				SWIFT_VERSION = 5.0;
				TARGETED_DEVICE_FAMILY = "1,2";
			};
			name = Release;
		};
		E10BAF742CFD720C00EDB4C6 /* Debug */ = {
			isa = XCBuildConfiguration;
			buildSettings = {
				BUNDLE_LOADER = "$(TEST_HOST)";
				CODE_SIGN_STYLE = Automatic;
				CURRENT_PROJECT_VERSION = 1;
				DEVELOPMENT_TEAM = UHPRF4X8WS;
				GENERATE_INFOPLIST_FILE = YES;
				IPHONEOS_DEPLOYMENT_TARGET = 18.1;
				MARKETING_VERSION = 1.0;
				PRODUCT_BUNDLE_IDENTIFIER = "Gui.gui-notiTests";
				PRODUCT_NAME = "$(TARGET_NAME)";
				SWIFT_EMIT_LOC_STRINGS = NO;
				SWIFT_VERSION = 5.0;
				TARGETED_DEVICE_FAMILY = "1,2";
				TEST_HOST = "$(BUILT_PRODUCTS_DIR)/gui_noti.app/$(BUNDLE_EXECUTABLE_FOLDER_PATH)/gui_noti";
			};
			name = Debug;
		};
		E10BAF752CFD720C00EDB4C6 /* Release */ = {
			isa = XCBuildConfiguration;
			buildSettings = {
				BUNDLE_LOADER = "$(TEST_HOST)";
				CODE_SIGN_STYLE = Automatic;
				CURRENT_PROJECT_VERSION = 1;
				DEVELOPMENT_TEAM = UHPRF4X8WS;
				GENERATE_INFOPLIST_FILE = YES;
				IPHONEOS_DEPLOYMENT_TARGET = 18.1;
				MARKETING_VERSION = 1.0;
				PRODUCT_BUNDLE_IDENTIFIER = "Gui.gui-notiTests";
				PRODUCT_NAME = "$(TARGET_NAME)";
				SWIFT_EMIT_LOC_STRINGS = NO;
				SWIFT_VERSION = 5.0;
				TARGETED_DEVICE_FAMILY = "1,2";
				TEST_HOST = "$(BUILT_PRODUCTS_DIR)/gui_noti.app/$(BUNDLE_EXECUTABLE_FOLDER_PATH)/gui_noti";
			};
			name = Release;
		};
		E10BAF772CFD720C00EDB4C6 /* Debug */ = {
			isa = XCBuildConfiguration;
			buildSettings = {
				CODE_SIGN_STYLE = Automatic;
				CURRENT_PROJECT_VERSION = 1;
				DEVELOPMENT_TEAM = UHPRF4X8WS;
				GENERATE_INFOPLIST_FILE = YES;
				MARKETING_VERSION = 1.0;
				PRODUCT_BUNDLE_IDENTIFIER = "Gui.gui-notiUITests";
				PRODUCT_NAME = "$(TARGET_NAME)";
				SWIFT_EMIT_LOC_STRINGS = NO;
				SWIFT_VERSION = 5.0;
				TARGETED_DEVICE_FAMILY = "1,2";
				TEST_TARGET_NAME = gui_noti;
			};
			name = Debug;
		};
		E10BAF782CFD720C00EDB4C6 /* Release */ = {
			isa = XCBuildConfiguration;
			buildSettings = {
				CODE_SIGN_STYLE = Automatic;
				CURRENT_PROJECT_VERSION = 1;
				DEVELOPMENT_TEAM = UHPRF4X8WS;
				GENERATE_INFOPLIST_FILE = YES;
				MARKETING_VERSION = 1.0;
				PRODUCT_BUNDLE_IDENTIFIER = "Gui.gui-notiUITests";
				PRODUCT_NAME = "$(TARGET_NAME)";
				SWIFT_EMIT_LOC_STRINGS = NO;
				SWIFT_VERSION = 5.0;
				TARGETED_DEVICE_FAMILY = "1,2";
				TEST_TARGET_NAME = gui_noti;
			};
			name = Release;
		};
		E10BAF942CFD768F00EDB4C6 /* Debug */ = {
			isa = XCBuildConfiguration;
			buildSettings = {
				ASSETCATALOG_COMPILER_GLOBAL_ACCENT_COLOR_NAME = AccentColor;
				ASSETCATALOG_COMPILER_WIDGET_BACKGROUND_COLOR_NAME = WidgetBackground;
				CODE_SIGN_STYLE = Automatic;
				CURRENT_PROJECT_VERSION = 1;
				DEVELOPMENT_TEAM = UHPRF4X8WS;
				GENERATE_INFOPLIST_FILE = YES;
				INFOPLIST_FILE = Timer_Widget/Info.plist;
				INFOPLIST_KEY_CFBundleDisplayName = Timer_Widget;
				INFOPLIST_KEY_NSHumanReadableCopyright = "";
				LD_RUNPATH_SEARCH_PATHS = (
					"$(inherited)",
					"@executable_path/Frameworks",
					"@executable_path/../../Frameworks",
				);
				MARKETING_VERSION = 1.0;
				PRODUCT_BUNDLE_IDENTIFIER = "Gui.gui-noti.Timer-Widget";
				PRODUCT_NAME = "$(TARGET_NAME)";
				SKIP_INSTALL = YES;
				SWIFT_EMIT_LOC_STRINGS = YES;
				SWIFT_VERSION = 5.0;
				TARGETED_DEVICE_FAMILY = "1,2";
			};
			name = Debug;
		};
		E10BAF952CFD768F00EDB4C6 /* Release */ = {
			isa = XCBuildConfiguration;
			buildSettings = {
				ASSETCATALOG_COMPILER_GLOBAL_ACCENT_COLOR_NAME = AccentColor;
				ASSETCATALOG_COMPILER_WIDGET_BACKGROUND_COLOR_NAME = WidgetBackground;
				CODE_SIGN_STYLE = Automatic;
				CURRENT_PROJECT_VERSION = 1;
				DEVELOPMENT_TEAM = UHPRF4X8WS;
				GENERATE_INFOPLIST_FILE = YES;
				INFOPLIST_FILE = Timer_Widget/Info.plist;
				INFOPLIST_KEY_CFBundleDisplayName = Timer_Widget;
				INFOPLIST_KEY_NSHumanReadableCopyright = "";
				LD_RUNPATH_SEARCH_PATHS = (
					"$(inherited)",
					"@executable_path/Frameworks",
					"@executable_path/../../Frameworks",
				);
				MARKETING_VERSION = 1.0;
				PRODUCT_BUNDLE_IDENTIFIER = "Gui.gui-noti.Timer-Widget";
				PRODUCT_NAME = "$(TARGET_NAME)";
				SKIP_INSTALL = YES;
				SWIFT_EMIT_LOC_STRINGS = YES;
				SWIFT_VERSION = 5.0;
				TARGETED_DEVICE_FAMILY = "1,2";
			};
			name = Release;
		};
/* End XCBuildConfiguration section */

/* Begin XCConfigurationList section */
		E10BAF472CFD720A00EDB4C6 /* Build configuration list for PBXProject "gui_noti" */ = {
			isa = XCConfigurationList;
			buildConfigurations = (
				E10BAF6E2CFD720C00EDB4C6 /* Debug */,
				E10BAF6F2CFD720C00EDB4C6 /* Release */,
			);
			defaultConfigurationIsVisible = 0;
			defaultConfigurationName = Release;
		};
		E10BAF702CFD720C00EDB4C6 /* Build configuration list for PBXNativeTarget "gui_noti" */ = {
			isa = XCConfigurationList;
			buildConfigurations = (
				E10BAF712CFD720C00EDB4C6 /* Debug */,
				E10BAF722CFD720C00EDB4C6 /* Release */,
			);
			defaultConfigurationIsVisible = 0;
			defaultConfigurationName = Release;
		};
		E10BAF732CFD720C00EDB4C6 /* Build configuration list for PBXNativeTarget "gui_notiTests" */ = {
			isa = XCConfigurationList;
			buildConfigurations = (
				E10BAF742CFD720C00EDB4C6 /* Debug */,
				E10BAF752CFD720C00EDB4C6 /* Release */,
			);
			defaultConfigurationIsVisible = 0;
			defaultConfigurationName = Release;
		};
		E10BAF762CFD720C00EDB4C6 /* Build configuration list for PBXNativeTarget "gui_notiUITests" */ = {
			isa = XCConfigurationList;
			buildConfigurations = (
				E10BAF772CFD720C00EDB4C6 /* Debug */,
				E10BAF782CFD720C00EDB4C6 /* Release */,
			);
			defaultConfigurationIsVisible = 0;
			defaultConfigurationName = Release;
		};
		E10BAF932CFD768F00EDB4C6 /* Build configuration list for PBXNativeTarget "Timer_WidgetExtension" */ = {
			isa = XCConfigurationList;
			buildConfigurations = (
				E10BAF942CFD768F00EDB4C6 /* Debug */,
				E10BAF952CFD768F00EDB4C6 /* Release */,
			);
			defaultConfigurationIsVisible = 0;
			defaultConfigurationName = Release;
		};
/* End XCConfigurationList section */
	};
	rootObject = E10BAF442CFD720A00EDB4C6 /* Project object */;
}
